
Microsoft Visual Studio Solution File, Format Version 12.00
# Visual Studio Version 16
VisualStudioVersion = 16.0.31410.357
MinimumVisualStudioVersion = 10.0.40219.1
Project("{FAE04EC0-301F-11D3-BF4B-00C04F79EFBC}") = "AngularApp", "AngularApp\AngularApp.csproj", "{DA138BAD-F649-4CF5-A450-66C8F782013B}"
EndProject
Global
	GlobalSection(SolutionConfigurationPlatforms) = preSolution
		Debug|Any CPU = Debug|Any CPU
		Release|Any CPU = Release|Any CPU
	EndGlobalSection
	GlobalSection(ProjectConfigurationPlatforms) = postSolution
		{DA138BAD-F649-4CF5-A450-66C8F782013B}.Debug|Any CPU.ActiveCfg = Debug|Any CPU
		{DA138BAD-F649-4CF5-A450-66C8F782013B}.Debug|Any CPU.Build.0 = Debug|Any CPU
		{DA138BAD-F649-4CF5-A450-66C8F782013B}.Release|Any CPU.ActiveCfg = Release|Any CPU
		{DA138BAD-F649-4CF5-A450-66C8F782013B}.Release|Any CPU.Build.0 = Release|Any CPU
	EndGlobalSection
	GlobalSection(SolutionProperties) = preSolution
		HideSolutionNode = FALSE
	EndGlobalSection
	GlobalSection(ExtensibilityGlobals) = postSolution
		SolutionGuid = {EE9F9398-F278-4426-9873-54CEF63313F6}
	EndGlobalSection
EndGlobal
